
Microsoft Visual Studio Solution File, Format Version 12.00
# Visual Studio Version 17
VisualStudioVersion = 17.9.34616.47
MinimumVisualStudioVersion = 10.0.40219.1
Project("{FAE04EC0-301F-11D3-BF4B-00C04F79EFBC}") = "Mission11_Gillespie", "Mission11_Gillespie\Mission11_Gillespie.csproj", "{B02A8C21-CB5F-4C3F-86E3-DC6C76A4E146}"
EndProject
Global
	GlobalSection(SolutionConfigurationPlatforms) = preSolution
		Debug|Any CPU = Debug|Any CPU
		Release|Any CPU = Release|Any CPU
	EndGlobalSection
	GlobalSection(ProjectConfigurationPlatforms) = postSolution
		{B02A8C21-CB5F-4C3F-86E3-DC6C76A4E146}.Debug|Any CPU.ActiveCfg = Debug|Any CPU
		{B02A8C21-CB5F-4C3F-86E3-DC6C76A4E146}.Debug|Any CPU.Build.0 = Debug|Any CPU
		{B02A8C21-CB5F-4C3F-86E3-DC6C76A4E146}.Release|Any CPU.ActiveCfg = Release|Any CPU
		{B02A8C21-CB5F-4C3F-86E3-DC6C76A4E146}.Release|Any CPU.Build.0 = Release|Any CPU
	EndGlobalSection
	GlobalSection(SolutionProperties) = preSolution
		HideSolutionNode = FALSE
	EndGlobalSection
	GlobalSection(ExtensibilityGlobals) = postSolution
		SolutionGuid = {5A0BA385-BBE1-4EB5-9E58-5710E2F23BAB}
	EndGlobalSection
EndGlobal
